{
    "_meta": {
        "hash": {
            "sha256": "b0440973637430c4a6a2b66eab78a6ea12c8f96288e96fd785e4ae9c3e2d5312"
        },
        "pipfile-spec": 6,
        "requires": {
            "python_version": "3.10"
        },
        "sources": [
            {
                "name": "pypi",
                "url": "https://pypi.org/simple",
                "verify_ssl": true
            }
        ]
    },
    "default": {
        "aiogrpc": {
            "hashes": [
                "sha256:472155a52850bd4b9493a994079f9c12c65324f02fe6466e636470127fc32aaf",
                "sha256:d01e6906927649646dcd938c7d46bf718f427473450db0af6343acc2ed2cfa4d"
            ],
            "markers": "python_version >= '3.6'",
            "version": "==1.8"
        },
        "future": {
            "hashes": [
                "sha256:34a17436ed1e96697a86f9de3d15a3b0be01d8bc8de9c1dffd59fb8234ed5307"
            ],
            "markers": "python_version >= '2.6' and python_version not in '3.0, 3.1, 3.2, 3.3'",
            "version": "==0.18.3"
        },
        "grpcio": {
            "hashes": [
                "sha256:02000b005bc8b72ff50c477b6431e8886b29961159e8b8d03c00b3dd9139baed",
                "sha256:031bbd26656e0739e4b2c81c172155fb26e274b8d0312d67aefc730bcba915b6",
                "sha256:1209d6b002b26e939e4c8ea37a3d5b4028eb9555394ea69fb1adbd4b61a10bb8",
                "sha256:125ed35aa3868efa82eabffece6264bf638cfdc9f0cd58ddb17936684aafd0f8",
                "sha256:1382bc499af92901c2240c4d540c74eae8a671e4fe9839bfeefdfcc3a106b5e2",
                "sha256:16bca8092dd994f2864fdab278ae052fad4913f36f35238b2dd11af2d55a87db",
                "sha256:1c59d899ee7160638613a452f9a4931de22623e7ba17897d8e3e348c2e9d8d0b",
                "sha256:1d109df30641d050e009105f9c9ca5a35d01e34d2ee2a4e9c0984d392fd6d704",
                "sha256:1fa7d6ddd33abbd3c8b3d7d07c56c40ea3d1891ce3cd2aa9fa73105ed5331866",
                "sha256:21c4a1aae861748d6393a3ff7867473996c139a77f90326d9f4104bebb22d8b8",
                "sha256:224166f06ccdaf884bf35690bf4272997c1405de3035d61384ccb5b25a4c1ca8",
                "sha256:2262bd3512ba9e9f0e91d287393df6f33c18999317de45629b7bd46c40f16ba9",
                "sha256:2585b3c294631a39b33f9f967a59b0fad23b1a71a212eba6bc1e3ca6e6eec9ee",
                "sha256:27fb030a4589d2536daec5ff5ba2a128f4f155149efab578fe2de2cb21596d3d",
                "sha256:30fbbce11ffeb4f9f91c13fe04899aaf3e9a81708bedf267bf447596b95df26b",
                "sha256:3930669c9e6f08a2eed824738c3d5699d11cd47a0ecc13b68ed11595710b1133",
                "sha256:3b170e441e91e4f321e46d3cc95a01cb307a4596da54aca59eb78ab0fc03754d",
                "sha256:3db71c6f1ab688d8dfc102271cedc9828beac335a3a4372ec54b8bf11b43fd29",
                "sha256:48cb7af77238ba16c77879009003f6b22c23425e5ee59cb2c4c103ec040638a5",
                "sha256:49eace8ea55fbc42c733defbda1e4feb6d3844ecd875b01bb8b923709e0f5ec8",
                "sha256:533eaf5b2a79a3c6f35cbd6a095ae99cac7f4f9c0e08bdcf86c130efd3c32adf",
                "sha256:5942a3e05630e1ef5b7b5752e5da6582460a2e4431dae603de89fc45f9ec5aa9",
                "sha256:62117486460c83acd3b5d85c12edd5fe20a374630475388cfc89829831d3eb79",
                "sha256:650f5f2c9ab1275b4006707411bb6d6bc927886874a287661c3c6f332d4c068b",
                "sha256:6dc1e2c9ac292c9a484ef900c568ccb2d6b4dfe26dfa0163d5bc815bb836c78d",
                "sha256:73c238ef6e4b64272df7eec976bb016c73d3ab5a6c7e9cd906ab700523d312f3",
                "sha256:775a2f70501370e5ba54e1ee3464413bff9bd85bd9a0b25c989698c44a6fb52f",
                "sha256:860fcd6db7dce80d0a673a1cc898ce6bc3d4783d195bbe0e911bf8a62c93ff3f",
                "sha256:87f47bf9520bba4083d65ab911f8f4c0ac3efa8241993edd74c8dd08ae87552f",
                "sha256:960b176e0bb2b4afeaa1cd2002db1e82ae54c9b6e27ea93570a42316524e77cf",
                "sha256:a7caf553ccaf715ec05b28c9b2ab2ee3fdb4036626d779aa09cf7cbf54b71445",
                "sha256:a947d5298a0bbdd4d15671024bf33e2b7da79a70de600ed29ba7e0fef0539ebb",
                "sha256:a97b0d01ae595c997c1d9d8249e2d2da829c2d8a4bdc29bb8f76c11a94915c9a",
                "sha256:b7655f809e3420f80ce3bf89737169a9dce73238af594049754a1128132c0da4",
                "sha256:c33744d0d1a7322da445c0fe726ea6d4e3ef2dfb0539eadf23dce366f52f546c",
                "sha256:c55a9cf5cba80fb88c850915c865b8ed78d5e46e1f2ec1b27692f3eaaf0dca7e",
                "sha256:d2f62fb1c914a038921677cfa536d645cb80e3dd07dc4859a3c92d75407b90a5",
                "sha256:d8ae6e0df3a608e99ee1acafaafd7db0830106394d54571c1ece57f650124ce9",
                "sha256:e355ee9da9c1c03f174efea59292b17a95e0b7b4d7d2a389265f731a9887d5a9",
                "sha256:e3e526062c690517b42bba66ffe38aaf8bc99a180a78212e7b22baa86902f690",
                "sha256:eb0807323572642ab73fd86fe53d88d843ce617dd1ddf430351ad0759809a0ae",
                "sha256:ebff0738be0499d7db74d20dca9f22a7b27deae31e1bf92ea44924fd69eb6251",
                "sha256:ed36e854449ff6c2f8ee145f94851fe171298e1e793f44d4f672c4a0d78064e7",
                "sha256:ed3d458ded32ff3a58f157b60cc140c88f7ac8c506a1c567b2a9ee8a2fd2ce54",
                "sha256:f4a7dca8ccd8023d916b900aa3c626f1bd181bd5b70159479b142f957ff420e4"
            ],
            "markers": "python_version >= '3.7'",
            "version": "==1.54.0"
        },
        "loguru": {
            "hashes": [
                "sha256:1612053ced6ae84d7959dd7d5e431a0532642237ec21f7fd83ac73fe539e03e1",
                "sha256:b93aa30099fa6860d4727f1b81f8718e965bb96253fa190fab2077aaad6d15d3"
            ],
            "index": "pypi",
            "version": "==0.7.0"
        },
        "lxml": {
            "hashes": [
                "sha256:01d36c05f4afb8f7c20fd9ed5badca32a2029b93b1750f571ccc0b142531caf7",
                "sha256:04876580c050a8c5341d706dd464ff04fd597095cc8c023252566a8826505726",
                "sha256:05ca3f6abf5cf78fe053da9b1166e062ade3fa5d4f92b4ed688127ea7d7b1d03",
                "sha256:090c6543d3696cbe15b4ac6e175e576bcc3f1ccfbba970061b7300b0c15a2140",
                "sha256:0dc313ef231edf866912e9d8f5a042ddab56c752619e92dfd3a2c277e6a7299a",
                "sha256:0f2b1e0d79180f344ff9f321327b005ca043a50ece8713de61d1cb383fb8ac05",
                "sha256:13598ecfbd2e86ea7ae45ec28a2a54fb87ee9b9fdb0f6d343297d8e548392c03",
                "sha256:16efd54337136e8cd72fb9485c368d91d77a47ee2d42b057564aae201257d419",
                "sha256:1ab8f1f932e8f82355e75dda5413a57612c6ea448069d4fb2e217e9a4bed13d4",
                "sha256:223f4232855ade399bd409331e6ca70fb5578efef22cf4069a6090acc0f53c0e",
                "sha256:2455cfaeb7ac70338b3257f41e21f0724f4b5b0c0e7702da67ee6c3640835b67",
                "sha256:2899456259589aa38bfb018c364d6ae7b53c5c22d8e27d0ec7609c2a1ff78b50",
                "sha256:2a29ba94d065945944016b6b74e538bdb1751a1db6ffb80c9d3c2e40d6fa9894",
                "sha256:2a87fa548561d2f4643c99cd13131acb607ddabb70682dcf1dff5f71f781a4bf",
                "sha256:2e430cd2824f05f2d4f687701144556646bae8f249fd60aa1e4c768ba7018947",
                "sha256:36c3c175d34652a35475a73762b545f4527aec044910a651d2bf50de9c3352b1",
                "sha256:3818b8e2c4b5148567e1b09ce739006acfaa44ce3156f8cbbc11062994b8e8dd",
                "sha256:3ab9fa9d6dc2a7f29d7affdf3edebf6ece6fb28a6d80b14c3b2fb9d39b9322c3",
                "sha256:3efea981d956a6f7173b4659849f55081867cf897e719f57383698af6f618a92",
                "sha256:4c8f293f14abc8fd3e8e01c5bd86e6ed0b6ef71936ded5bf10fe7a5efefbaca3",
                "sha256:5344a43228767f53a9df6e5b253f8cdca7dfc7b7aeae52551958192f56d98457",
                "sha256:58bfa3aa19ca4c0f28c5dde0ff56c520fbac6f0daf4fac66ed4c8d2fb7f22e74",
                "sha256:5b4545b8a40478183ac06c073e81a5ce4cf01bf1734962577cf2bb569a5b3bbf",
                "sha256:5f50a1c177e2fa3ee0667a5ab79fdc6b23086bc8b589d90b93b4bd17eb0e64d1",
                "sha256:63da2ccc0857c311d764e7d3d90f429c252e83b52d1f8f1d1fe55be26827d1f4",
                "sha256:6749649eecd6a9871cae297bffa4ee76f90b4504a2a2ab528d9ebe912b101975",
                "sha256:6804daeb7ef69e7b36f76caddb85cccd63d0c56dedb47555d2fc969e2af6a1a5",
                "sha256:689bb688a1db722485e4610a503e3e9210dcc20c520b45ac8f7533c837be76fe",
                "sha256:699a9af7dffaf67deeae27b2112aa06b41c370d5e7633e0ee0aea2e0b6c211f7",
                "sha256:6b418afe5df18233fc6b6093deb82a32895b6bb0b1155c2cdb05203f583053f1",
                "sha256:76cf573e5a365e790396a5cc2b909812633409306c6531a6877c59061e42c4f2",
                "sha256:7b515674acfdcadb0eb5d00d8a709868173acece5cb0be3dd165950cbfdf5409",
                "sha256:7b770ed79542ed52c519119473898198761d78beb24b107acf3ad65deae61f1f",
                "sha256:7d2278d59425777cfcb19735018d897ca8303abe67cc735f9f97177ceff8027f",
                "sha256:7e91ee82f4199af8c43d8158024cbdff3d931df350252288f0d4ce656df7f3b5",
                "sha256:821b7f59b99551c69c85a6039c65b75f5683bdc63270fec660f75da67469ca24",
                "sha256:822068f85e12a6e292803e112ab876bc03ed1f03dddb80154c395f891ca6b31e",
                "sha256:8340225bd5e7a701c0fa98284c849c9b9fc9238abf53a0ebd90900f25d39a4e4",
                "sha256:85cabf64adec449132e55616e7ca3e1000ab449d1d0f9d7f83146ed5bdcb6d8a",
                "sha256:880bbbcbe2fca64e2f4d8e04db47bcdf504936fa2b33933efd945e1b429bea8c",
                "sha256:8d0b4612b66ff5d62d03bcaa043bb018f74dfea51184e53f067e6fdcba4bd8de",
                "sha256:8e20cb5a47247e383cf4ff523205060991021233ebd6f924bca927fcf25cf86f",
                "sha256:925073b2fe14ab9b87e73f9a5fde6ce6392da430f3004d8b72cc86f746f5163b",
                "sha256:998c7c41910666d2976928c38ea96a70d1aa43be6fe502f21a651e17483a43c5",
                "sha256:9b22c5c66f67ae00c0199f6055705bc3eb3fcb08d03d2ec4059a2b1b25ed48d7",
                "sha256:9f102706d0ca011de571de32c3247c6476b55bb6bc65a20f682f000b07a4852a",
                "sha256:a08cff61517ee26cb56f1e949cca38caabe9ea9fbb4b1e10a805dc39844b7d5c",
                "sha256:a0a336d6d3e8b234a3aae3c674873d8f0e720b76bc1d9416866c41cd9500ffb9",
                "sha256:a35f8b7fa99f90dd2f5dc5a9fa12332642f087a7641289ca6c40d6e1a2637d8e",
                "sha256:a38486985ca49cfa574a507e7a2215c0c780fd1778bb6290c21193b7211702ab",
                "sha256:a5da296eb617d18e497bcf0a5c528f5d3b18dadb3619fbdadf4ed2356ef8d941",
                "sha256:a6e441a86553c310258aca15d1c05903aaf4965b23f3bc2d55f200804e005ee5",
                "sha256:a82d05da00a58b8e4c0008edbc8a4b6ec5a4bc1e2ee0fb6ed157cf634ed7fa45",
                "sha256:ab323679b8b3030000f2be63e22cdeea5b47ee0abd2d6a1dc0c8103ddaa56cd7",
                "sha256:b1f42b6921d0e81b1bcb5e395bc091a70f41c4d4e55ba99c6da2b31626c44892",
                "sha256:b23e19989c355ca854276178a0463951a653309fb8e57ce674497f2d9f208746",
                "sha256:b264171e3143d842ded311b7dccd46ff9ef34247129ff5bf5066123c55c2431c",
                "sha256:b26a29f0b7fc6f0897f043ca366142d2b609dc60756ee6e4e90b5f762c6adc53",
                "sha256:b64d891da92e232c36976c80ed7ebb383e3f148489796d8d31a5b6a677825efe",
                "sha256:b9cc34af337a97d470040f99ba4282f6e6bac88407d021688a5d585e44a23184",
                "sha256:bc718cd47b765e790eecb74d044cc8d37d58562f6c314ee9484df26276d36a38",
                "sha256:be7292c55101e22f2a3d4d8913944cbea71eea90792bf914add27454a13905df",
                "sha256:c83203addf554215463b59f6399835201999b5e48019dc17f182ed5ad87205c9",
                "sha256:c9ec3eaf616d67db0764b3bb983962b4f385a1f08304fd30c7283954e6a7869b",
                "sha256:ca34efc80a29351897e18888c71c6aca4a359247c87e0b1c7ada14f0ab0c0fb2",
                "sha256:ca989b91cf3a3ba28930a9fc1e9aeafc2a395448641df1f387a2d394638943b0",
                "sha256:d02a5399126a53492415d4906ab0ad0375a5456cc05c3fc0fc4ca11771745cda",
                "sha256:d17bc7c2ccf49c478c5bdd447594e82692c74222698cfc9b5daae7ae7e90743b",
                "sha256:d5bf6545cd27aaa8a13033ce56354ed9e25ab0e4ac3b5392b763d8d04b08e0c5",
                "sha256:d6b430a9938a5a5d85fc107d852262ddcd48602c120e3dbb02137c83d212b380",
                "sha256:da248f93f0418a9e9d94b0080d7ebc407a9a5e6d0b57bb30db9b5cc28de1ad33",
                "sha256:da4dd7c9c50c059aba52b3524f84d7de956f7fef88f0bafcf4ad7dde94a064e8",
                "sha256:df0623dcf9668ad0445e0558a21211d4e9a149ea8f5666917c8eeec515f0a6d1",
                "sha256:e5168986b90a8d1f2f9dc1b841467c74221bd752537b99761a93d2d981e04889",
                "sha256:efa29c2fe6b4fdd32e8ef81c1528506895eca86e1d8c4657fda04c9b3786ddf9",
                "sha256:f1496ea22ca2c830cbcbd473de8f114a320da308438ae65abad6bab7867fe38f",
                "sha256:f49e52d174375a7def9915c9f06ec4e569d235ad428f70751765f48d5926678c"
            ],
            "markers": "python_version >= '2.7' and python_version not in '3.0, 3.1, 3.2, 3.3, 3.4'",
            "version": "==4.9.2"
        },
        "mavsdk": {
            "hashes": [
                "sha256:203ef23bd8573a984bc84e4e8cf7677628e5bbf2db47c0c8ce564dd661e9e442",
                "sha256:24c70fec04cf5340309c2c1446a5f9110818b6d71e75caa2e7d921cbc12fb05a",
                "sha256:4484da53c9ace30b8054d54587b90e8eec6a00c0641dcc0b89c77d559af18545",
                "sha256:6722016396267cf85f8a06253a696357d4a989efd98f0a5d85477f2ddfebfff2",
                "sha256:816aa0f6e778cb8bc1858a81b24fd2b6dc8b9d483f5f183d53775632193faf58",
                "sha256:a238f723fdb27797147eb31c46a3be74e3ce89e32c7c97faec4055d554b4edca",
                "sha256:df3cbd098d3431e379361f6071d948957453e08cd20342a40bd4f120c22b844c"
            ],
            "index": "pypi",
            "version": "==1.4.5"
        },
        "protobuf": {
            "hashes": [
                "sha256:06059eb6953ff01e56a25cd02cca1a9649a75a7e65397b5b9b4e929ed71d10cf",
                "sha256:097c5d8a9808302fb0da7e20edf0b8d4703274d140fd25c5edabddcde43e081f",
                "sha256:284f86a6207c897542d7e956eb243a36bb8f9564c1742b253462386e96c6b78f",
                "sha256:32ca378605b41fd180dfe4e14d3226386d8d1b002ab31c969c366549e66a2bb7",
                "sha256:3cc797c9d15d7689ed507b165cd05913acb992d78b379f6014e013f9ecb20996",
                "sha256:62f1b5c4cd6c5402b4e2d63804ba49a327e0c386c99b1675c8a0fefda23b2067",
                "sha256:69ccfdf3657ba59569c64295b7d51325f91af586f8d5793b734260dfe2e94e2c",
                "sha256:6f50601512a3d23625d8a85b1638d914a0970f17920ff39cec63aaef80a93fb7",
                "sha256:7403941f6d0992d40161aa8bb23e12575637008a5a02283a930addc0508982f9",
                "sha256:755f3aee41354ae395e104d62119cb223339a8f3276a0cd009ffabfcdd46bb0c",
                "sha256:77053d28427a29987ca9caf7b72ccafee011257561259faba8dd308fda9a8739",
                "sha256:7e371f10abe57cee5021797126c93479f59fccc9693dafd6bd5633ab67808a91",
                "sha256:9016d01c91e8e625141d24ec1b20fed584703e527d28512aa8c8707f105a683c",
                "sha256:9be73ad47579abc26c12024239d3540e6b765182a91dbc88e23658ab71767153",
                "sha256:adc31566d027f45efe3f44eeb5b1f329da43891634d61c75a5944e9be6dd42c9",
                "sha256:adfc6cf69c7f8c50fd24c793964eef18f0ac321315439d94945820612849c388",
                "sha256:af0ebadc74e281a517141daad9d0f2c5d93ab78e9d455113719a45a49da9db4e",
                "sha256:cb29edb9eab15742d791e1025dd7b6a8f6fcb53802ad2f6e3adcb102051063ab",
                "sha256:cd68be2559e2a3b84f517fb029ee611546f7812b1fdd0aa2ecc9bc6ec0e4fdde",
                "sha256:cdee09140e1cd184ba9324ec1df410e7147242b94b5f8b0c64fc89e38a8ba531",
                "sha256:db977c4ca738dd9ce508557d4fce0f5aebd105e158c725beec86feb1f6bc20d8",
                "sha256:dd5789b2948ca702c17027c84c2accb552fc30f4622a98ab5c51fcfe8c50d3e7",
                "sha256:e250a42f15bf9d5b09fe1b293bdba2801cd520a9f5ea2d7fb7536d4441811d20",
                "sha256:ff8d8fa42675249bb456f5db06c00de6c2f4c27a065955917b28c4f15978b9c3"
            ],
            "markers": "python_version >= '3.7'",
            "version": "==3.20.1"
        },
        "pymavlink": {
            "hashes": [
                "sha256:43427d2f936db27d7ff1927430ef635d5a6ead6e080d013d495055de249370fc",
                "sha256:632d720ba62f04077c509cbd64cf6e28919571e866a882cf58335d2edf8c61f8"
            ],
            "index": "pypi",
            "version": "==2.4.38"
        }
    },
    "develop": {}
}
